
Microsoft Visual Studio Solution File, Format Version 12.00
# Visual Studio 15
VisualStudioVersion = 15.0.28010.2036
MinimumVisualStudioVersion = 10.0.40219.1
Project("{FAE04EC0-301F-11D3-BF4B-00C04F79EFBC}") = "T1708ENewsWeb", "T1708ENewsWeb\T1708ENewsWeb.csproj", "{54E5B55D-0934-4574-8AC9-E9B00B7C7596}"
EndProject
Global
	GlobalSection(SolutionConfigurationPlatforms) = preSolution
		Debug|Any CPU = Debug|Any CPU
		Release|Any CPU = Release|Any CPU
	EndGlobalSection
	GlobalSection(ProjectConfigurationPlatforms) = postSolution
		{54E5B55D-0934-4574-8AC9-E9B00B7C7596}.Debug|Any CPU.ActiveCfg = Debug|Any CPU
		{54E5B55D-0934-4574-8AC9-E9B00B7C7596}.Debug|Any CPU.Build.0 = Debug|Any CPU
		{54E5B55D-0934-4574-8AC9-E9B00B7C7596}.Release|Any CPU.ActiveCfg = Release|Any CPU
		{54E5B55D-0934-4574-8AC9-E9B00B7C7596}.Release|Any CPU.Build.0 = Release|Any CPU
	EndGlobalSection
	GlobalSection(SolutionProperties) = preSolution
		HideSolutionNode = FALSE
	EndGlobalSection
	GlobalSection(ExtensibilityGlobals) = postSolution
		SolutionGuid = {A03AA017-AAA9-41D6-B8A1-84BC1C6B78B6}
	EndGlobalSection
EndGlobal
